// !$*UTF8*$!
{
	archiveVersion = 1;
	classes = {
	};
	objectVersion = 46;
	objects = {

/* Begin PBXBuildFile section */
		17E0C65524713A581CD6D422 /* Pods_MovieViewer.framework in Frameworks */ = {isa = PBXBuildFile; fileRef = 45AA5023D0CE3054B3129850 /* Pods_MovieViewer.framework */; };
		4345896C1E2D8AA200230222 /* MovieCollectionCell.swift in Sources */ = {isa = PBXBuildFile; fileRef = 4345896B1E2D8AA200230222 /* MovieCollectionCell.swift */; };
		4345896E1E2D8E6000230222 /* CollectionViewController.swift in Sources */ = {isa = PBXBuildFile; fileRef = 4345896D1E2D8E6000230222 /* CollectionViewController.swift */; };
		434589701E2DE9C900230222 /* DetailViewController.swift in Sources */ = {isa = PBXBuildFile; fileRef = 4345896F1E2DE9C900230222 /* DetailViewController.swift */; };
		43B0AB371E288DA20008489F /* AppDelegate.swift in Sources */ = {isa = PBXBuildFile; fileRef = 43B0AB361E288DA20008489F /* AppDelegate.swift */; };
		43B0AB3C1E288DA20008489F /* Main.storyboard in Resources */ = {isa = PBXBuildFile; fileRef = 43B0AB3A1E288DA20008489F /* Main.storyboard */; };
		43B0AB3E1E288DA20008489F /* Assets.xcassets in Resources */ = {isa = PBXBuildFile; fileRef = 43B0AB3D1E288DA20008489F /* Assets.xcassets */; };
		43B0AB411E288DA20008489F /* LaunchScreen.storyboard in Resources */ = {isa = PBXBuildFile; fileRef = 43B0AB3F1E288DA20008489F /* LaunchScreen.storyboard */; };
		43B0AB491E288E050008489F /* MoviesViewController.swift in Sources */ = {isa = PBXBuildFile; fileRef = 43B0AB481E288E050008489F /* MoviesViewController.swift */; };
		43B0AB4C1E28A3440008489F /* MovieCell.swift in Sources */ = {isa = PBXBuildFile; fileRef = 43B0AB4B1E28A3440008489F /* MovieCell.swift */; };
/* End PBXBuildFile section */

/* Begin PBXFileReference section */
		4345896B1E2D8AA200230222 /* MovieCollectionCell.swift */ = {isa = PBXFileReference; fileEncoding = 4; lastKnownFileType = sourcecode.swift; path = MovieCollectionCell.swift; sourceTree = "<group>"; };
		4345896D1E2D8E6000230222 /* CollectionViewController.swift */ = {isa = PBXFileReference; fileEncoding = 4; lastKnownFileType = sourcecode.swift; path = CollectionViewController.swift; sourceTree = "<group>"; };
		4345896F1E2DE9C900230222 /* DetailViewController.swift */ = {isa = PBXFileReference; fileEncoding = 4; lastKnownFileType = sourcecode.swift; path = DetailViewController.swift; sourceTree = "<group>"; };
		43B0AB331E288DA20008489F /* MovieViewer.app */ = {isa = PBXFileReference; explicitFileType = wrapper.application; includeInIndex = 0; path = MovieViewer.app; sourceTree = BUILT_PRODUCTS_DIR; };
		43B0AB361E288DA20008489F /* AppDelegate.swift */ = {isa = PBXFileReference; lastKnownFileType = sourcecode.swift; path = AppDelegate.swift; sourceTree = "<group>"; };
		43B0AB3B1E288DA20008489F /* Base */ = {isa = PBXFileReference; lastKnownFileType = file.storyboard; name = Base; path = Base.lproj/Main.storyboard; sourceTree = "<group>"; };
		43B0AB3D1E288DA20008489F /* Assets.xcassets */ = {isa = PBXFileReference; lastKnownFileType = folder.assetcatalog; path = Assets.xcassets; sourceTree = "<group>"; };
		43B0AB401E288DA20008489F /* Base */ = {isa = PBXFileReference; lastKnownFileType = file.storyboard; name = Base; path = Base.lproj/LaunchScreen.storyboard; sourceTree = "<group>"; };
		43B0AB421E288DA20008489F /* Info.plist */ = {isa = PBXFileReference; lastKnownFileType = text.plist.xml; path = Info.plist; sourceTree = "<group>"; };
		43B0AB481E288E050008489F /* MoviesViewController.swift */ = {isa = PBXFileReference; fileEncoding = 4; lastKnownFileType = sourcecode.swift; path = MoviesViewController.swift; sourceTree = "<group>"; };
		43B0AB4B1E28A3440008489F /* MovieCell.swift */ = {isa = PBXFileReference; fileEncoding = 4; lastKnownFileType = sourcecode.swift; path = MovieCell.swift; sourceTree = "<group>"; };
		45AA5023D0CE3054B3129850 /* Pods_MovieViewer.framework */ = {isa = PBXFileReference; explicitFileType = wrapper.framework; includeInIndex = 0; path = Pods_MovieViewer.framework; sourceTree = BUILT_PRODUCTS_DIR; };
		B54A08EA402D8164658FF69A /* Pods-MovieViewer.debug.xcconfig */ = {isa = PBXFileReference; includeInIndex = 1; lastKnownFileType = text.xcconfig; name = "Pods-MovieViewer.debug.xcconfig"; path = "Pods/Target Support Files/Pods-MovieViewer/Pods-MovieViewer.debug.xcconfig"; sourceTree = "<group>"; };
		DA103586BC9FB6DD6310385F /* Pods-MovieViewer.release.xcconfig */ = {isa = PBXFileReference; includeInIndex = 1; lastKnownFileType = text.xcconfig; name = "Pods-MovieViewer.release.xcconfig"; path = "Pods/Target Support Files/Pods-MovieViewer/Pods-MovieViewer.release.xcconfig"; sourceTree = "<group>"; };
/* End PBXFileReference section */

/* Begin PBXFrameworksBuildPhase section */
		43B0AB301E288DA20008489F /* Frameworks */ = {
			isa = PBXFrameworksBuildPhase;
			buildActionMask = 2147483647;
			files = (
				17E0C65524713A581CD6D422 /* Pods_MovieViewer.framework in Frameworks */,
			);
			runOnlyForDeploymentPostprocessing = 0;
		};
/* End PBXFrameworksBuildPhase section */

/* Begin PBXGroup section */
		06725B464E0755E44BDC4A66 /* Pods */ = {
			isa = PBXGroup;
			children = (
				B54A08EA402D8164658FF69A /* Pods-MovieViewer.debug.xcconfig */,
				DA103586BC9FB6DD6310385F /* Pods-MovieViewer.release.xcconfig */,
			);
			name = Pods;
			sourceTree = "<group>";
		};
		43B0AB2A1E288DA20008489F = {
			isa = PBXGroup;
			children = (
				43B0AB351E288DA20008489F /* MovieViewer */,
				43B0AB341E288DA20008489F /* Products */,
				06725B464E0755E44BDC4A66 /* Pods */,
				7D1991F8BDD1D1FAD746FED7 /* Frameworks */,
			);
			sourceTree = "<group>";
		};
		43B0AB341E288DA20008489F /* Products */ = {
			isa = PBXGroup;
			children = (
				43B0AB331E288DA20008489F /* MovieViewer.app */,
			);
			name = Products;
			sourceTree = "<group>";
		};
		43B0AB351E288DA20008489F /* MovieViewer */ = {
			isa = PBXGroup;
			children = (
				43B0AB4D1E28A34D0008489F /* View Controllers */,
				43B0AB4A1E28A31A0008489F /* Views */,
				43B0AB361E288DA20008489F /* AppDelegate.swift */,
				43B0AB3A1E288DA20008489F /* Main.storyboard */,
				43B0AB3D1E288DA20008489F /* Assets.xcassets */,
				43B0AB3F1E288DA20008489F /* LaunchScreen.storyboard */,
				43B0AB421E288DA20008489F /* Info.plist */,
			);
			path = MovieViewer;
			sourceTree = "<group>";
		};
		43B0AB4A1E28A31A0008489F /* Views */ = {
			isa = PBXGroup;
			children = (
				43B0AB4B1E28A3440008489F /* MovieCell.swift */,
				4345896B1E2D8AA200230222 /* MovieCollectionCell.swift */,
			);
			name = Views;
			sourceTree = "<group>";
		};
		43B0AB4D1E28A34D0008489F /* View Controllers */ = {
			isa = PBXGroup;
			children = (
				43B0AB481E288E050008489F /* MoviesViewController.swift */,
				4345896F1E2DE9C900230222 /* DetailViewController.swift */,
				4345896D1E2D8E6000230222 /* CollectionViewController.swift */,
			);
			name = "View Controllers";
			sourceTree = "<group>";
		};
		7D1991F8BDD1D1FAD746FED7 /* Frameworks */ = {
			isa = PBXGroup;
			children = (
				45AA5023D0CE3054B3129850 /* Pods_MovieViewer.framework */,
			);
			name = Frameworks;
			sourceTree = "<group>";
		};
/* End PBXGroup section */

/* Begin PBXNativeTarget section */
		43B0AB321E288DA20008489F /* MovieViewer */ = {
			isa = PBXNativeTarget;
			buildConfigurationList = 43B0AB451E288DA20008489F /* Build configuration list for PBXNativeTarget "MovieViewer" */;
			buildPhases = (
				9F7F8CFCFCB0E9954B5E7D97 /* [CP] Check Pods Manifest.lock */,
				43B0AB2F1E288DA20008489F /* Sources */,
				43B0AB301E288DA20008489F /* Frameworks */,
				43B0AB311E288DA20008489F /* Resources */,
				361D09834D950F5116D4DFA6 /* [CP] Embed Pods Frameworks */,
				C41F855AC730239176778607 /* [CP] Copy Pods Resources */,
			);
			buildRules = (
			);
			dependencies = (
			);
			name = MovieViewer;
			productName = MovieViewer;
			productReference = 43B0AB331E288DA20008489F /* MovieViewer.app */;
			productType = "com.apple.product-type.application";
		};
/* End PBXNativeTarget section */

/* Begin PBXProject section */
		43B0AB2B1E288DA20008489F /* Project object */ = {
			isa = PBXProject;
			attributes = {
				LastSwiftUpdateCheck = 0820;
				LastUpgradeCheck = 0820;
				ORGANIZATIONNAME = "Matthew Lee";
				TargetAttributes = {
					43B0AB321E288DA20008489F = {
						CreatedOnToolsVersion = 8.2.1;
						DevelopmentTeam = 3N89MDGQGG;
						ProvisioningStyle = Automatic;
					};
				};
			};
			buildConfigurationList = 43B0AB2E1E288DA20008489F /* Build configuration list for PBXProject "MovieViewer" */;
			compatibilityVersion = "Xcode 3.2";
			developmentRegion = English;
			hasScannedForEncodings = 0;
			knownRegions = (
				en,
				Base,
			);
			mainGroup = 43B0AB2A1E288DA20008489F;
			productRefGroup = 43B0AB341E288DA20008489F /* Products */;
			projectDirPath = "";
			projectRoot = "";
			targets = (
				43B0AB321E288DA20008489F /* MovieViewer */,
			);
		};
/* End PBXProject section */

/* Begin PBXResourcesBuildPhase section */
		43B0AB311E288DA20008489F /* Resources */ = {
			isa = PBXResourcesBuildPhase;
			buildActionMask = 2147483647;
			files = (
				43B0AB411E288DA20008489F /* LaunchScreen.storyboard in Resources */,
				43B0AB3E1E288DA20008489F /* Assets.xcassets in Resources */,
				43B0AB3C1E288DA20008489F /* Main.storyboard in Resources */,
			);
			runOnlyForDeploymentPostprocessing = 0;
		};
/* End PBXResourcesBuildPhase section */

/* Begin PBXShellScriptBuildPhase section */
		361D09834D950F5116D4DFA6 /* [CP] Embed Pods Frameworks */ = {
			isa = PBXShellScriptBuildPhase;
			buildActionMask = 2147483647;
			files = (
			);
			inputPaths = (
			);
			name = "[CP] Embed Pods Frameworks";
			outputPaths = (
			);
			runOnlyForDeploymentPostprocessing = 0;
			shellPath = /bin/sh;
			shellScript = "\"${SRCROOT}/Pods/Target Support Files/Pods-MovieViewer/Pods-MovieViewer-frameworks.sh\"\n";
			showEnvVarsInLog = 0;
		};
		9F7F8CFCFCB0E9954B5E7D97 /* [CP] Check Pods Manifest.lock */ = {
			isa = PBXShellScriptBuildPhase;
			buildActionMask = 2147483647;
			files = (
			);
			inputPaths = (
			);
			name = "[CP] Check Pods Manifest.lock";
			outputPaths = (
			);
			runOnlyForDeploymentPostprocessing = 0;
			shellPath = /bin/sh;
			shellScript = "diff \"${PODS_ROOT}/../Podfile.lock\" \"${PODS_ROOT}/Manifest.lock\" > /dev/null\nif [ $? != 0 ] ; then\n    # print error to STDERR\n    echo \"error: The sandbox is not in sync with the Podfile.lock. Run 'pod install' or update your CocoaPods installation.\" >&2\n    exit 1\nfi\n";
			showEnvVarsInLog = 0;
		};
		C41F855AC730239176778607 /* [CP] Copy Pods Resources */ = {
			isa = PBXShellScriptBuildPhase;
			buildActionMask = 2147483647;
			files = (
			);
			inputPaths = (
			);
			name = "[CP] Copy Pods Resources";
			outputPaths = (
			);
			runOnlyForDeploymentPostprocessing = 0;
			shellPath = /bin/sh;
			shellScript = "\"${SRCROOT}/Pods/Target Support Files/Pods-MovieViewer/Pods-MovieViewer-resources.sh\"\n";
			showEnvVarsInLog = 0;
		};
/* End PBXShellScriptBuildPhase section */

/* Begin PBXSourcesBuildPhase section */
		43B0AB2F1E288DA20008489F /* Sources */ = {
			isa = PBXSourcesBuildPhase;
			buildActionMask = 2147483647;
			files = (
				4345896C1E2D8AA200230222 /* MovieCollectionCell.swift in Sources */,
				43B0AB371E288DA20008489F /* AppDelegate.swift in Sources */,
				43B0AB491E288E050008489F /* MoviesViewController.swift in Sources */,
				434589701E2DE9C900230222 /* DetailViewController.swift in Sources */,
				43B0AB4C1E28A3440008489F /* MovieCell.swift in Sources */,
				4345896E1E2D8E6000230222 /* CollectionViewController.swift in Sources */,
			);
			runOnlyForDeploymentPostprocessing = 0;
		};
/* End PBXSourcesBuildPhase section */

/* Begin PBXVariantGroup section */
		43B0AB3A1E288DA20008489F /* Main.storyboard */ = {
			isa = PBXVariantGroup;
			children = (
				43B0AB3B1E288DA20008489F /* Base */,
			);
			name = Main.storyboard;
			sourceTree = "<group>";
		};
		43B0AB3F1E288DA20008489F /* LaunchScreen.storyboard */ = {
			isa = PBXVariantGroup;
			children = (
				43B0AB401E288DA20008489F /* Base */,
			);
			name = LaunchScreen.storyboard;
			sourceTree = "<group>";
		};
/* End PBXVariantGroup section */

/* Begin XCBuildConfiguration section */
		43B0AB431E288DA20008489F /* Debug */ = {
			isa = XCBuildConfiguration;
			buildSettings = {
				ALWAYS_SEARCH_USER_PATHS = NO;
				CLANG_ANALYZER_NONNULL = YES;
				CLANG_CXX_LANGUAGE_STANDARD = "gnu++0x";
				CLANG_CXX_LIBRARY = "libc++";
				CLANG_ENABLE_MODULES = YES;
				CLANG_ENABLE_OBJC_ARC = YES;
				CLANG_WARN_BOOL_CONVERSION = YES;
				CLANG_WARN_CONSTANT_CONVERSION = YES;
				CLANG_WARN_DIRECT_OBJC_ISA_USAGE = YES_ERROR;
				CLANG_WARN_DOCUMENTATION_COMMENTS = YES;
				CLANG_WARN_EMPTY_BODY = YES;
				CLANG_WARN_ENUM_CONVERSION = YES;
				CLANG_WARN_INFINITE_RECURSION = YES;
				CLANG_WARN_INT_CONVERSION = YES;
				CLANG_WARN_OBJC_ROOT_CLASS = YES_ERROR;
				CLANG_WARN_SUSPICIOUS_MOVE = YES;
				CLANG_WARN_UNREACHABLE_CODE = YES;
				CLANG_WARN__DUPLICATE_METHOD_MATCH = YES;
				"CODE_SIGN_IDENTITY[sdk=iphoneos*]" = "iPhone Developer";
				COPY_PHASE_STRIP = NO;
				DEBUG_INFORMATION_FORMAT = dwarf;
				ENABLE_STRICT_OBJC_MSGSEND = YES;
				ENABLE_TESTABILITY = YES;
				GCC_C_LANGUAGE_STANDARD = gnu99;
				GCC_DYNAMIC_NO_PIC = NO;
				GCC_NO_COMMON_BLOCKS = YES;
				GCC_OPTIMIZATION_LEVEL = 0;
				GCC_PREPROCESSOR_DEFINITIONS = (
					"DEBUG=1",
					"$(inherited)",
				);
				GCC_WARN_64_TO_32_BIT_CONVERSION = YES;
				GCC_WARN_ABOUT_RETURN_TYPE = YES_ERROR;
				GCC_WARN_UNDECLARED_SELECTOR = YES;
				GCC_WARN_UNINITIALIZED_AUTOS = YES_AGGRESSIVE;
				GCC_WARN_UNUSED_FUNCTION = YES;
				GCC_WARN_UNUSED_VARIABLE = YES;
				IPHONEOS_DEPLOYMENT_TARGET = 10.2;
				MTL_ENABLE_DEBUG_INFO = YES;
				ONLY_ACTIVE_ARCH = YES;
				SDKROOT = iphoneos;
				SWIFT_ACTIVE_COMPILATION_CONDITIONS = DEBUG;
				SWIFT_OPTIMIZATION_LEVEL = "-Onone";
			};
			name = Debug;
		};
		43B0AB441E288DA20008489F /* Release */ = {
			isa = XCBuildConfiguration;
			buildSettings = {
				ALWAYS_SEARCH_USER_PATHS = NO;
				CLANG_ANALYZER_NONNULL = YES;
				CLANG_CXX_LANGUAGE_STANDARD = "gnu++0x";
				CLANG_CXX_LIBRARY = "libc++";
				CLANG_ENABLE_MODULES = YES;
				CLANG_ENABLE_OBJC_ARC = YES;
				CLANG_WARN_BOOL_CONVERSION = YES;
				CLANG_WARN_CONSTANT_CONVERSION = YES;
				CLANG_WARN_DIRECT_OBJC_ISA_USAGE = YES_ERROR;
				CLANG_WARN_DOCUMENTATION_COMMENTS = YES;
				CLANG_WARN_EMPTY_BODY = YES;
				CLANG_WARN_ENUM_CONVERSION = YES;
				CLANG_WARN_INFINITE_RECURSION = YES;
				CLANG_WARN_INT_CONVERSION = YES;
				CLANG_WARN_OBJC_ROOT_CLASS = YES_ERROR;
				CLANG_WARN_SUSPICIOUS_MOVE = YES;
				CLANG_WARN_UNREACHABLE_CODE = YES;
				CLANG_WARN__DUPLICATE_METHOD_MATCH = YES;
				"CODE_SIGN_IDENTITY[sdk=iphoneos*]" = "iPhone Developer";
				COPY_PHASE_STRIP = NO;
				DEBUG_INFORMATION_FORMAT = "dwarf-with-dsym";
				ENABLE_NS_ASSERTIONS = NO;
				ENABLE_STRICT_OBJC_MSGSEND = YES;
				GCC_C_LANGUAGE_STANDARD = gnu99;
				GCC_NO_COMMON_BLOCKS = YES;
				GCC_WARN_64_TO_32_BIT_CONVERSION = YES;
				GCC_WARN_ABOUT_RETURN_TYPE = YES_ERROR;
				GCC_WARN_UNDECLARED_SELECTOR = YES;
				GCC_WARN_UNINITIALIZED_AUTOS = YES_AGGRESSIVE;
				GCC_WARN_UNUSED_FUNCTION = YES;
				GCC_WARN_UNUSED_VARIABLE = YES;
				IPHONEOS_DEPLOYMENT_TARGET = 10.2;
				MTL_ENABLE_DEBUG_INFO = NO;
				SDKROOT = iphoneos;
				SWIFT_OPTIMIZATION_LEVEL = "-Owholemodule";
				VALIDATE_PRODUCT = YES;
			};
			name = Release;
		};
		43B0AB461E288DA20008489F /* Debug */ = {
			isa = XCBuildConfiguration;
			baseConfigurationReference = B54A08EA402D8164658FF69A /* Pods-MovieViewer.debug.xcconfig */;
			buildSettings = {
				ASSETCATALOG_COMPILER_APPICON_NAME = AppIcon;
				DEVELOPMENT_TEAM = 3N89MDGQGG;
				INFOPLIST_FILE = MovieViewer/Info.plist;
				LD_RUNPATH_SEARCH_PATHS = "$(inherited) @executable_path/Frameworks";
				PRODUCT_BUNDLE_IDENTIFIER = com.matthewjunelee.MovieViewer;
				PRODUCT_NAME = "$(TARGET_NAME)";
				SWIFT_VERSION = 3.0;
			};
			name = Debug;
		};
		43B0AB471E288DA20008489F /* Release */ = {
			isa = XCBuildConfiguration;
			baseConfigurationReference = DA103586BC9FB6DD6310385F /* Pods-MovieViewer.release.xcconfig */;
			buildSettings = {
				ASSETCATALOG_COMPILER_APPICON_NAME = AppIcon;
				DEVELOPMENT_TEAM = 3N89MDGQGG;
				INFOPLIST_FILE = MovieViewer/Info.plist;
				LD_RUNPATH_SEARCH_PATHS = "$(inherited) @executable_path/Frameworks";
				PRODUCT_BUNDLE_IDENTIFIER = com.matthewjunelee.MovieViewer;
				PRODUCT_NAME = "$(TARGET_NAME)";
				SWIFT_VERSION = 3.0;
			};
			name = Release;
		};
/* End XCBuildConfiguration section */

/* Begin XCConfigurationList section */
		43B0AB2E1E288DA20008489F /* Build configuration list for PBXProject "MovieViewer" */ = {
			isa = XCConfigurationList;
			buildConfigurations = (
				43B0AB431E288DA20008489F /* Debug */,
				43B0AB441E288DA20008489F /* Release */,
			);
			defaultConfigurationIsVisible = 0;
			defaultConfigurationName = Release;
		};
		43B0AB451E288DA20008489F /* Build configuration list for PBXNativeTarget "MovieViewer" */ = {
			isa = XCConfigurationList;
			buildConfigurations = (
				43B0AB461E288DA20008489F /* Debug */,
				43B0AB471E288DA20008489F /* Release */,
			);
			defaultConfigurationIsVisible = 0;
			defaultConfigurationName = Release;
		};
/* End XCConfigurationList section */
	};
	rootObject = 43B0AB2B1E288DA20008489F /* Project object */;
}
